
Microsoft Visual Studio Solution File, Format Version 12.00
# Visual Studio Version 16
VisualStudioVersion = 16.0.31112.23
MinimumVisualStudioVersion = 10.0.40219.1
Project("{FAE04EC0-301F-11D3-BF4B-00C04F79EFBC}") = "WindowsFormsF", "..\WindowsFormsF\WindowsFormsF.csproj", "{60436155-68CC-42F1-B36D-86A5EEBF49D8}"
EndProject
Global
	GlobalSection(SolutionConfigurationPlatforms) = preSolution
		Debug|Any CPU = Debug|Any CPU
		Release|Any CPU = Release|Any CPU
	EndGlobalSection
	GlobalSection(ProjectConfigurationPlatforms) = postSolution
		{60436155-68CC-42F1-B36D-86A5EEBF49D8}.Debug|Any CPU.ActiveCfg = Debug|Any CPU
		{60436155-68CC-42F1-B36D-86A5EEBF49D8}.Debug|Any CPU.Build.0 = Debug|Any CPU
		{60436155-68CC-42F1-B36D-86A5EEBF49D8}.Release|Any CPU.ActiveCfg = Release|Any CPU
		{60436155-68CC-42F1-B36D-86A5EEBF49D8}.Release|Any CPU.Build.0 = Release|Any CPU
	EndGlobalSection
	GlobalSection(SolutionProperties) = preSolution
		HideSolutionNode = FALSE
	EndGlobalSection
	GlobalSection(ExtensibilityGlobals) = postSolution
		SolutionGuid = {3278B220-A081-49AA-8907-FB5D03362A6D}
	EndGlobalSection
EndGlobal
